// !$*UTF8*$!
{
	archiveVersion = 1;
	classes = {
	};
	objectVersion = 46;
	objects = {

/* Begin PBXBuildFile section */
		E07C2D7D165372080049F034 /* main.cpp in Sources */ = {isa = PBXBuildFile; fileRef = E07C2D7C165372080049F034 /* main.cpp */; };
		E07C2D7F165372080049F034 /* DataMining.1 in CopyFiles */ = {isa = PBXBuildFile; fileRef = E07C2D7E165372080049F034 /* DataMining.1 */; };
/* End PBXBuildFile section */

/* Begin PBXCopyFilesBuildPhase section */
		E07C2D76165372080049F034 /* CopyFiles */ = {
			isa = PBXCopyFilesBuildPhase;
			buildActionMask = 2147483647;
			dstPath = usr/share/man/man1;
			dstSubfolderSpec = 16;
			files = (
				E07C2D7F165372080049F034 /* DataMining.1 in CopyFiles */,
			);
			runOnlyForDeploymentPostprocessing = 1;
		};
/* End PBXCopyFilesBuildPhase section */

/* Begin PBXFileReference section */
		A3CF4F96165CE9C600A03741 /* output.txt */ = {isa = PBXFileReference; fileEncoding = 4; lastKnownFileType = text; path = output.txt; sourceTree = "<group>"; };
		E03F4EA21665C9C2003B389B /* Screen Shot .png */ = {isa = PBXFileReference; lastKnownFileType = image.png; path = "Screen Shot .png"; sourceTree = "<group>"; };
		E03F4EA81665CA09003B389B /* 传统Item—Based协同过滤推荐算法改进.pdf */ = {isa = PBXFileReference; lastKnownFileType = image.pdf; path = "传统Item—Based协同过滤推荐算法改进.pdf"; sourceTree = "<group>"; };
		E070A03D1659386600DC5F6F /* 80train.txt */ = {isa = PBXFileReference; fileEncoding = 4; lastKnownFileType = text; path = 80train.txt; sourceTree = "<group>"; };
		E070A03E1659386600DC5F6F /* test.txt */ = {isa = PBXFileReference; fileEncoding = 4; lastKnownFileType = text; path = test.txt; sourceTree = "<group>"; };
		E07C2D78165372080049F034 /* DataMining */ = {isa = PBXFileReference; explicitFileType = "compiled.mach-o.executable"; includeInIndex = 0; path = DataMining; sourceTree = BUILT_PRODUCTS_DIR; };
		E07C2D7C165372080049F034 /* main.cpp */ = {isa = PBXFileReference; lastKnownFileType = sourcecode.cpp.cpp; path = main.cpp; sourceTree = "<group>"; };
		E07C2D7E165372080049F034 /* DataMining.1 */ = {isa = PBXFileReference; lastKnownFileType = text.man; path = DataMining.1; sourceTree = "<group>"; };
/* End PBXFileReference section */

/* Begin PBXFrameworksBuildPhase section */
		E07C2D75165372080049F034 /* Frameworks */ = {
			isa = PBXFrameworksBuildPhase;
			buildActionMask = 2147483647;
			files = (
			);
			runOnlyForDeploymentPostprocessing = 0;
		};
/* End PBXFrameworksBuildPhase section */

/* Begin PBXGroup section */
		E07C2D6D165372080049F034 = {
			isa = PBXGroup;
			children = (
				E07C2D7B165372080049F034 /* DataMining */,
				E07C2D79165372080049F034 /* Products */,
			);
			sourceTree = "<group>";
		};
		E07C2D79165372080049F034 /* Products */ = {
			isa = PBXGroup;
			children = (
				E07C2D78165372080049F034 /* DataMining */,
			);
			name = Products;
			sourceTree = "<group>";
		};
		E07C2D7B165372080049F034 /* DataMining */ = {
			isa = PBXGroup;
			children = (
				E03F4EA81665CA09003B389B /* 传统Item—Based协同过滤推荐算法改进.pdf */,
				E03F4EA21665C9C2003B389B /* Screen Shot .png */,
				A3CF4F96165CE9C600A03741 /* output.txt */,
				E070A03D1659386600DC5F6F /* 80train.txt */,
				E070A03E1659386600DC5F6F /* test.txt */,
				E07C2D7C165372080049F034 /* main.cpp */,
				E07C2D7E165372080049F034 /* DataMining.1 */,
			);
			path = DataMining;
			sourceTree = "<group>";
		};
/* End PBXGroup section */

/* Begin PBXNativeTarget section */
		E07C2D77165372080049F034 /* DataMining */ = {
			isa = PBXNativeTarget;
			buildConfigurationList = E07C2D82165372080049F034 /* Build configuration list for PBXNativeTarget "DataMining" */;
			buildPhases = (
				E07C2D74165372080049F034 /* Sources */,
				E07C2D75165372080049F034 /* Frameworks */,
				E07C2D76165372080049F034 /* CopyFiles */,
			);
			buildRules = (
			);
			dependencies = (
			);
			name = DataMining;
			productName = DataMining;
			productReference = E07C2D78165372080049F034 /* DataMining */;
			productType = "com.apple.product-type.tool";
		};
/* End PBXNativeTarget section */

/* Begin PBXProject section */
		E07C2D6F165372080049F034 /* Project object */ = {
			isa = PBXProject;
			attributes = {
				LastUpgradeCheck = 0440;
				ORGANIZATIONNAME = Aha;
			};
			buildConfigurationList = E07C2D72165372080049F034 /* Build configuration list for PBXProject "DataMining" */;
			compatibilityVersion = "Xcode 3.2";
			developmentRegion = English;
			hasScannedForEncodings = 0;
			knownRegions = (
				en,
			);
			mainGroup = E07C2D6D165372080049F034;
			productRefGroup = E07C2D79165372080049F034 /* Products */;
			projectDirPath = "";
			projectRoot = "";
			targets = (
				E07C2D77165372080049F034 /* DataMining */,
			);
		};
/* End PBXProject section */

/* Begin PBXSourcesBuildPhase section */
		E07C2D74165372080049F034 /* Sources */ = {
			isa = PBXSourcesBuildPhase;
			buildActionMask = 2147483647;
			files = (
				E07C2D7D165372080049F034 /* main.cpp in Sources */,
			);
			runOnlyForDeploymentPostprocessing = 0;
		};
/* End PBXSourcesBuildPhase section */

/* Begin XCBuildConfiguration section */
		E07C2D80165372080049F034 /* Debug */ = {
			isa = XCBuildConfiguration;
			buildSettings = {
				ALWAYS_SEARCH_USER_PATHS = NO;
				ARCHS = "$(ARCHS_STANDARD_64_BIT)";
				CLANG_CXX_LANGUAGE_STANDARD = "gnu++0x";
				CLANG_WARN__DUPLICATE_METHOD_MATCH = YES;
				COPY_PHASE_STRIP = NO;
				GCC_C_LANGUAGE_STANDARD = gnu99;
				GCC_DYNAMIC_NO_PIC = NO;
				GCC_ENABLE_OBJC_EXCEPTIONS = YES;
				GCC_OPTIMIZATION_LEVEL = 0;
				GCC_PREPROCESSOR_DEFINITIONS = (
					"DEBUG=1",
					"$(inherited)",
				);
				GCC_SYMBOLS_PRIVATE_EXTERN = NO;
				GCC_WARN_64_TO_32_BIT_CONVERSION = YES;
				GCC_WARN_ABOUT_RETURN_TYPE = YES;
				GCC_WARN_UNINITIALIZED_AUTOS = YES;
				GCC_WARN_UNUSED_VARIABLE = YES;
				MACOSX_DEPLOYMENT_TARGET = 10.7;
				ONLY_ACTIVE_ARCH = YES;
				SDKROOT = macosx;
			};
			name = Debug;
		};
		E07C2D81165372080049F034 /* Release */ = {
			isa = XCBuildConfiguration;
			buildSettings = {
				ALWAYS_SEARCH_USER_PATHS = NO;
				ARCHS = "$(ARCHS_STANDARD_64_BIT)";
				CLANG_CXX_LANGUAGE_STANDARD = "gnu++0x";
				CLANG_WARN__DUPLICATE_METHOD_MATCH = YES;
				COPY_PHASE_STRIP = YES;
				DEBUG_INFORMATION_FORMAT = "dwarf-with-dsym";
				GCC_C_LANGUAGE_STANDARD = gnu99;
				GCC_ENABLE_OBJC_EXCEPTIONS = YES;
				GCC_WARN_64_TO_32_BIT_CONVERSION = YES;
				GCC_WARN_ABOUT_RETURN_TYPE = YES;
				GCC_WARN_UNINITIALIZED_AUTOS = YES;
				GCC_WARN_UNUSED_VARIABLE = YES;
				MACOSX_DEPLOYMENT_TARGET = 10.7;
				SDKROOT = macosx;
			};
			name = Release;
		};
		E07C2D83165372080049F034 /* Debug */ = {
			isa = XCBuildConfiguration;
			buildSettings = {
				PRODUCT_NAME = "$(TARGET_NAME)";
			};
			name = Debug;
		};
		E07C2D84165372080049F034 /* Release */ = {
			isa = XCBuildConfiguration;
			buildSettings = {
				PRODUCT_NAME = "$(TARGET_NAME)";
			};
			name = Release;
		};
/* End XCBuildConfiguration section */

/* Begin XCConfigurationList section */
		E07C2D72165372080049F034 /* Build configuration list for PBXProject "DataMining" */ = {
			isa = XCConfigurationList;
			buildConfigurations = (
				E07C2D80165372080049F034 /* Debug */,
				E07C2D81165372080049F034 /* Release */,
			);
			defaultConfigurationIsVisible = 0;
			defaultConfigurationName = Release;
		};
		E07C2D82165372080049F034 /* Build configuration list for PBXNativeTarget "DataMining" */ = {
			isa = XCConfigurationList;
			buildConfigurations = (
				E07C2D83165372080049F034 /* Debug */,
				E07C2D84165372080049F034 /* Release */,
			);
			defaultConfigurationIsVisible = 0;
			defaultConfigurationName = Release;
		};
/* End XCConfigurationList section */
	};
	rootObject = E07C2D6F165372080049F034 /* Project object */;
}
